
[[dependencies]]
name = "forge-std"
version = "1.8.2"
source = "https://soldeer-revisions.s3.amazonaws.com/forge-std/1_8_2_19-05-2024_18:52:07_forge-std-1.8.2.zip"
checksum = "88a37e1d79f60b8aad08c7bd50a7a5ef973fc172b1495028d0725a17f5a4976c"

[[dependencies]]
name = "@openzeppelin-contracts-upgradeable"
version = "4.9.6"
source = "https://soldeer-revisions.s3.amazonaws.com/@openzeppelin-contracts-upgradeable/4_9_6_14-03-2024_06:12:03_contracts-upgradeable.zip"
checksum = "dddc8efa3da3dcd0dbda63efdc34d6006ece3ae5a8f46b0cf914870df45b9c71"

[[dependencies]]
name = "@openzeppelin-contracts"
version = "4.9.6"
source = "https://soldeer-revisions.s3.amazonaws.com/@openzeppelin-contracts/4_9_6_14-03-2024_06:11:55_contracts.zip"
checksum = "57f2cae4b45b91b0847e58c36ea70aee0fb3212cc09b47279627f0764f87e5ee"
